{
  "originHash" : "e964ea0bc80f1601b2300e6f994fa10a6a26d4661714afac9e6057fb52b63d36",
  "pins" : [
    {
      "identity" : "asyncobjects",
      "kind" : "remoteSourceControl",
      "location" : "https://github.com/SwiftyLab/AsyncObjects.git",
      "state" : {
        "revision" : "93aacfba87d738ac94fb50c2a6768c43ec9d42eb",
        "version" : "2.1.0"
      }
    },
    {
      "identity" : "colorizeswift",
      "kind" : "remoteSourceControl",
      "location" : "https://github.com/mtynior/ColorizeSwift.git",
      "state" : {
        "revision" : "4e7daa138510b77a3cce9f6a31a116f8536347dd",
        "version" : "1.7.0"
      }
    },
    {
      "identity" : "cryptoswift",
      "kind" : "remoteSourceControl",
      "location" : "https://github.com/krzyzanowskim/CryptoSwift",
      "state" : {
        "revision" : "729e01bc9b9dab466ac85f21fb9ee2bc1c61b258",
        "version" : "1.8.4"
      }
    },
    {
      "identity" : "queuer",
      "kind" : "remoteSourceControl",
      "location" : "https://github.com/FabrizioBrancati/Queuer.git",
      "state" : {
        "revision" : "8bf0b4cae3893f970e733025646d07fe8a39fb15",
        "version" : "3.0.1"
      }
    },
    {
      "identity" : "rubygateway",
      "kind" : "remoteSourceControl",
      "location" : "https://github.com/Jomy10/RubyGateway",
      "state" : {
        "branch" : "main",
        "revision" : "b4452c1c526baf7f3789322ec218058bc3e58344"
      }
    },
    {
      "identity" : "semver",
      "kind" : "remoteSourceControl",
      "location" : "https://github.com/ddddxxx/Semver",
      "state" : {
        "revision" : "6094e6f23a02b52b5d211fd114a4750c4f3ecef3",
        "version" : "0.2.1"
      }
    },
    {
      "identity" : "sqlite.swift",
      "kind" : "remoteSourceControl",
      "location" : "https://github.com/stephencelis/SQLite.swift",
      "state" : {
        "revision" : "a95fc6df17d108bd99210db5e8a9bac90fe984b8",
        "version" : "0.15.3"
      }
    },
    {
      "identity" : "swift-async-algorithms",
      "kind" : "remoteSourceControl",
      "location" : "https://github.com/apple/swift-async-algorithms",
      "state" : {
        "revision" : "4c3ea81f81f0a25d0470188459c6d4bf20cf2f97",
        "version" : "1.0.3"
      }
    },
    {
      "identity" : "swift-atomics",
      "kind" : "remoteSourceControl",
      "location" : "https://github.com/apple/swift-atomics",
      "state" : {
        "revision" : "cd142fd2f64be2100422d658e7411e39489da985",
        "version" : "1.2.0"
      }
    },
    {
      "identity" : "swift-collections",
      "kind" : "remoteSourceControl",
      "location" : "https://github.com/apple/swift-collections",
      "state" : {
        "revision" : "671108c96644956dddcd89dd59c203dcdb36cec7",
        "version" : "1.1.4"
      }
    },
    {
      "identity" : "swift-glob",
      "kind" : "remoteSourceControl",
      "location" : "https://github.com/davbeck/swift-glob.git",
      "state" : {
        "revision" : "f8d3495325bfd1a53f37ece5a244f28d1d857879",
        "version" : "0.1.0"
      }
    },
    {
      "identity" : "swift-syntax",
      "kind" : "remoteSourceControl",
      "location" : "https://github.com/apple/swift-syntax",
      "state" : {
        "revision" : "0687f71944021d616d34d922343dcef086855920",
        "version" : "600.0.1"
      }
    }
  ],
  "version" : 3
}
